
Microsoft Visual Studio Solution File, Format Version 12.00
# Visual Studio Version 16
VisualStudioVersion = 16.0.31205.134
MinimumVisualStudioVersion = 10.0.40219.1
Project("{9A19103F-16F7-4668-BE54-9A1E7A4F7556}") = "DIO.Series", "DIO.Series.csproj", "{F55460DE-491C-4341-8B8D-5A6B8A2DFBD5}"
EndProject
Global
	GlobalSection(SolutionConfigurationPlatforms) = preSolution
		Debug|Any CPU = Debug|Any CPU
		Release|Any CPU = Release|Any CPU
	EndGlobalSection
	GlobalSection(ProjectConfigurationPlatforms) = postSolution
		{F55460DE-491C-4341-8B8D-5A6B8A2DFBD5}.Debug|Any CPU.ActiveCfg = Debug|Any CPU
		{F55460DE-491C-4341-8B8D-5A6B8A2DFBD5}.Debug|Any CPU.Build.0 = Debug|Any CPU
		{F55460DE-491C-4341-8B8D-5A6B8A2DFBD5}.Release|Any CPU.ActiveCfg = Release|Any CPU
		{F55460DE-491C-4341-8B8D-5A6B8A2DFBD5}.Release|Any CPU.Build.0 = Release|Any CPU
	EndGlobalSection
	GlobalSection(SolutionProperties) = preSolution
		HideSolutionNode = FALSE
	EndGlobalSection
	GlobalSection(ExtensibilityGlobals) = postSolution
		SolutionGuid = {E9D0B96A-296E-40A2-8DF6-FF296AEA6C80}
	EndGlobalSection
EndGlobal
